
Microsoft Visual Studio Solution File, Format Version 12.00
# Visual Studio 15
VisualStudioVersion = 15.0.27703.2026
MinimumVisualStudioVersion = 10.0.40219.1
Project("{2150E333-8FDC-42A3-9474-1A3956D46DE8}") = "0.Modules", "0.Modules", "{A7E51948-62B2-4299-BAF0-FA7828DF4ADD}"
EndProject
Project("{2150E333-8FDC-42A3-9474-1A3956D46DE8}") = "1.Presentation", "1.Presentation", "{AC609746-B6EE-4014-A209-DB86EF18D5E4}"
EndProject
Project("{2150E333-8FDC-42A3-9474-1A3956D46DE8}") = "2.Services", "2.Services", "{4B336E78-ABD8-4708-8190-EB84DF6ECCE0}"
EndProject
Project("{2150E333-8FDC-42A3-9474-1A3956D46DE8}") = "3.Application", "3.Application", "{145B9723-A2A5-472D-8D24-B7FE3016F720}"
EndProject
Project("{2150E333-8FDC-42A3-9474-1A3956D46DE8}") = "4.Domain", "4.Domain", "{5D8FB763-FB7A-4809-8E22-20334A733A84}"
EndProject
Project("{2150E333-8FDC-42A3-9474-1A3956D46DE8}") = "5.DataAccess", "5.DataAccess", "{DA59E94E-1A81-48AD-BC8E-6DD21AAFB9BB}"
EndProject
Project("{9A19103F-16F7-4668-BE54-9A1E7A4F7556}") = "RestaurAll.API", "2.Services\RestaurAll.API\RestaurAll.API.csproj", "{4557F869-D6EC-4494-937C-401A526EAB79}"
EndProject
Project("{9A19103F-16F7-4668-BE54-9A1E7A4F7556}") = "Domain.Entities", "4.Domain\Domain.Entities\Domain.Entities.csproj", "{0E41826E-3418-4AD3-9A76-87EF73033C00}"
EndProject
Project("{9A19103F-16F7-4668-BE54-9A1E7A4F7556}") = "DataAccess", "5.DataAccess\DataAccess\DataAccess.csproj", "{C04F6485-FC89-4A1B-8733-5D51AEBDE91F}"
EndProject
Project("{9A19103F-16F7-4668-BE54-9A1E7A4F7556}") = "Domain.Repository", "4.Domain\Domain.Repository\Domain.Repository.csproj", "{F7D5D2D2-5781-4CE9-B38B-E058BD8FA4B6}"
EndProject
Project("{9A19103F-16F7-4668-BE54-9A1E7A4F7556}") = "Domain.Common", "4.Domain\Domain.Common\Domain.Common.csproj", "{F4D75C7D-BEBC-46FD-9409-DA8826253C6B}"
EndProject
Project("{9A19103F-16F7-4668-BE54-9A1E7A4F7556}") = "DataAccess.Account", "5.DataAccess\DataAccess.Account\DataAccess.Account.csproj", "{608176BD-E730-4520-B1B5-731BAF5C923B}"
EndProject
Project("{9A19103F-16F7-4668-BE54-9A1E7A4F7556}") = "Application", "3.Application\Application\Application.csproj", "{3539BA4E-4FCB-4249-ADB1-204261D00208}"
EndProject
Project("{9A19103F-16F7-4668-BE54-9A1E7A4F7556}") = "CrossCutting.IoC", "5.DataAccess\CrossCutting.IoC\CrossCutting.IoC.csproj", "{3427D6AD-F9DC-411C-9A75-271E79E295DA}"
EndProject
Project("{FAE04EC0-301F-11D3-BF4B-00C04F79EFBC}") = "Domain.Models", "4.Domain\Domain.Models\Domain.Models.csproj", "{C64040E4-E409-47ED-9B0F-FD0A88B438CD}"
EndProject
Global
	GlobalSection(SolutionConfigurationPlatforms) = preSolution
		Debug|Any CPU = Debug|Any CPU
		Release|Any CPU = Release|Any CPU
	EndGlobalSection
	GlobalSection(ProjectConfigurationPlatforms) = postSolution
		{4557F869-D6EC-4494-937C-401A526EAB79}.Debug|Any CPU.ActiveCfg = Debug|Any CPU
		{4557F869-D6EC-4494-937C-401A526EAB79}.Debug|Any CPU.Build.0 = Debug|Any CPU
		{4557F869-D6EC-4494-937C-401A526EAB79}.Release|Any CPU.ActiveCfg = Release|Any CPU
		{4557F869-D6EC-4494-937C-401A526EAB79}.Release|Any CPU.Build.0 = Release|Any CPU
		{0E41826E-3418-4AD3-9A76-87EF73033C00}.Debug|Any CPU.ActiveCfg = Debug|Any CPU
		{0E41826E-3418-4AD3-9A76-87EF73033C00}.Debug|Any CPU.Build.0 = Debug|Any CPU
		{0E41826E-3418-4AD3-9A76-87EF73033C00}.Release|Any CPU.ActiveCfg = Release|Any CPU
		{0E41826E-3418-4AD3-9A76-87EF73033C00}.Release|Any CPU.Build.0 = Release|Any CPU
		{C04F6485-FC89-4A1B-8733-5D51AEBDE91F}.Debug|Any CPU.ActiveCfg = Debug|Any CPU
		{C04F6485-FC89-4A1B-8733-5D51AEBDE91F}.Debug|Any CPU.Build.0 = Debug|Any CPU
		{C04F6485-FC89-4A1B-8733-5D51AEBDE91F}.Release|Any CPU.ActiveCfg = Release|Any CPU
		{C04F6485-FC89-4A1B-8733-5D51AEBDE91F}.Release|Any CPU.Build.0 = Release|Any CPU
		{F7D5D2D2-5781-4CE9-B38B-E058BD8FA4B6}.Debug|Any CPU.ActiveCfg = Debug|Any CPU
		{F7D5D2D2-5781-4CE9-B38B-E058BD8FA4B6}.Debug|Any CPU.Build.0 = Debug|Any CPU
		{F7D5D2D2-5781-4CE9-B38B-E058BD8FA4B6}.Release|Any CPU.ActiveCfg = Release|Any CPU
		{F7D5D2D2-5781-4CE9-B38B-E058BD8FA4B6}.Release|Any CPU.Build.0 = Release|Any CPU
		{F4D75C7D-BEBC-46FD-9409-DA8826253C6B}.Debug|Any CPU.ActiveCfg = Debug|Any CPU
		{F4D75C7D-BEBC-46FD-9409-DA8826253C6B}.Debug|Any CPU.Build.0 = Debug|Any CPU
		{F4D75C7D-BEBC-46FD-9409-DA8826253C6B}.Release|Any CPU.ActiveCfg = Release|Any CPU
		{F4D75C7D-BEBC-46FD-9409-DA8826253C6B}.Release|Any CPU.Build.0 = Release|Any CPU
		{608176BD-E730-4520-B1B5-731BAF5C923B}.Debug|Any CPU.ActiveCfg = Debug|Any CPU
		{608176BD-E730-4520-B1B5-731BAF5C923B}.Debug|Any CPU.Build.0 = Debug|Any CPU
		{608176BD-E730-4520-B1B5-731BAF5C923B}.Release|Any CPU.ActiveCfg = Release|Any CPU
		{608176BD-E730-4520-B1B5-731BAF5C923B}.Release|Any CPU.Build.0 = Release|Any CPU
		{3539BA4E-4FCB-4249-ADB1-204261D00208}.Debug|Any CPU.ActiveCfg = Debug|Any CPU
		{3539BA4E-4FCB-4249-ADB1-204261D00208}.Debug|Any CPU.Build.0 = Debug|Any CPU
		{3539BA4E-4FCB-4249-ADB1-204261D00208}.Release|Any CPU.ActiveCfg = Release|Any CPU
		{3539BA4E-4FCB-4249-ADB1-204261D00208}.Release|Any CPU.Build.0 = Release|Any CPU
		{3427D6AD-F9DC-411C-9A75-271E79E295DA}.Debug|Any CPU.ActiveCfg = Debug|Any CPU
		{3427D6AD-F9DC-411C-9A75-271E79E295DA}.Debug|Any CPU.Build.0 = Debug|Any CPU
		{3427D6AD-F9DC-411C-9A75-271E79E295DA}.Release|Any CPU.ActiveCfg = Release|Any CPU
		{3427D6AD-F9DC-411C-9A75-271E79E295DA}.Release|Any CPU.Build.0 = Release|Any CPU
		{C64040E4-E409-47ED-9B0F-FD0A88B438CD}.Debug|Any CPU.ActiveCfg = Debug|Any CPU
		{C64040E4-E409-47ED-9B0F-FD0A88B438CD}.Debug|Any CPU.Build.0 = Debug|Any CPU
		{C64040E4-E409-47ED-9B0F-FD0A88B438CD}.Release|Any CPU.ActiveCfg = Release|Any CPU
		{C64040E4-E409-47ED-9B0F-FD0A88B438CD}.Release|Any CPU.Build.0 = Release|Any CPU
	EndGlobalSection
	GlobalSection(SolutionProperties) = preSolution
		HideSolutionNode = FALSE
	EndGlobalSection
	GlobalSection(NestedProjects) = preSolution
		{4557F869-D6EC-4494-937C-401A526EAB79} = {4B336E78-ABD8-4708-8190-EB84DF6ECCE0}
		{0E41826E-3418-4AD3-9A76-87EF73033C00} = {5D8FB763-FB7A-4809-8E22-20334A733A84}
		{C04F6485-FC89-4A1B-8733-5D51AEBDE91F} = {DA59E94E-1A81-48AD-BC8E-6DD21AAFB9BB}
		{F7D5D2D2-5781-4CE9-B38B-E058BD8FA4B6} = {5D8FB763-FB7A-4809-8E22-20334A733A84}
		{F4D75C7D-BEBC-46FD-9409-DA8826253C6B} = {5D8FB763-FB7A-4809-8E22-20334A733A84}
		{608176BD-E730-4520-B1B5-731BAF5C923B} = {DA59E94E-1A81-48AD-BC8E-6DD21AAFB9BB}
		{3539BA4E-4FCB-4249-ADB1-204261D00208} = {145B9723-A2A5-472D-8D24-B7FE3016F720}
		{3427D6AD-F9DC-411C-9A75-271E79E295DA} = {DA59E94E-1A81-48AD-BC8E-6DD21AAFB9BB}
		{C64040E4-E409-47ED-9B0F-FD0A88B438CD} = {5D8FB763-FB7A-4809-8E22-20334A733A84}
	EndGlobalSection
	GlobalSection(ExtensibilityGlobals) = postSolution
		SolutionGuid = {256DF083-3159-4F4F-88B2-9387E1B5898C}
	EndGlobalSection
EndGlobal
